
Microsoft Visual Studio Solution File, Format Version 12.00
# Visual Studio Version 17
VisualStudioVersion = 17.3.32929.385
MinimumVisualStudioVersion = 10.0.40219.1
Project("{FAE04EC0-301F-11D3-BF4B-00C04F79EFBC}") = "Form With Pattern", "Form With Pattern\Form With Pattern.csproj", "{2E4D55A5-4F59-4F99-8383-AEE0D1254F0A}"
EndProject
Global
	GlobalSection(SolutionConfigurationPlatforms) = preSolution
		Debug|Any CPU = Debug|Any CPU
		Release|Any CPU = Release|Any CPU
	EndGlobalSection
	GlobalSection(ProjectConfigurationPlatforms) = postSolution
		{2E4D55A5-4F59-4F99-8383-AEE0D1254F0A}.Debug|Any CPU.ActiveCfg = Debug|Any CPU
		{2E4D55A5-4F59-4F99-8383-AEE0D1254F0A}.Debug|Any CPU.Build.0 = Debug|Any CPU
		{2E4D55A5-4F59-4F99-8383-AEE0D1254F0A}.Release|Any CPU.ActiveCfg = Release|Any CPU
		{2E4D55A5-4F59-4F99-8383-AEE0D1254F0A}.Release|Any CPU.Build.0 = Release|Any CPU
	EndGlobalSection
	GlobalSection(SolutionProperties) = preSolution
		HideSolutionNode = FALSE
	EndGlobalSection
	GlobalSection(ExtensibilityGlobals) = postSolution
		SolutionGuid = {9FA5DB41-066C-463E-8C5F-5C8063F07C46}
	EndGlobalSection
EndGlobal
